{
  "name": "nodejs_example",
  "version": "0.1.0",
  "lockfileVersion": 3,
  "requires": true,
  "packages": {
    "": {
      "name": "nodejs_example",
      "version": "0.1.0",
      "license": "MIT",
      "dependencies": {
        "sf_js": "file:../../lib-js/pkg"
      }
    },
    "../../lib-js/pkg": {
      "name": "sf_js",
      "version": "0.1.0"
    },
    "node_modules/sf_js": {
      "resolved": "../../lib-js/pkg",
      "link": true
    }
  }
}
